#MicroXplorer Configuration settings - do not modify
Mcu.Family=STM32F7
Dma.UART7_TX.2.Mode=DMA_NORMAL
ProjectManager.MainLocation=Core/Src
RCC.MCOFreq_Value=72000000
RCC.USART1Freq_Value=16000000
RCC.SAI1Freq_Value=96000000
RCC.CortexFreq_Value=16000000
RCC.TIM17Freq_Value=72000000
PC10.GPIO_PuPd=GPIO_PULLUP
ProjectManager.KeepUserCode=true
Mcu.UserName=STM32F767ZITx
Dma.SDMMC1_RX.1.PeriphDataAlignment=DMA_PDATAALIGN_WORD
FATFS0.BSP.semaphore=
PG2.GPIO_PuPd=GPIO_PULLUP
Dma.SDMMC1_TX.0.Direction=DMA_MEMORY_TO_PERIPH
FATFS0.BSP.api=Unknown
VP_FATFS_VS_SDIO.Mode=SDIO
PG2.Signal=GPIO_Input
RCC.PLLCLKFreq_Value=96000000
PC12.Signal=SDMMC1_CK
PC10.Signal=SDMMC1_D2
PG2.Locked=true
PB14.GPIO_Label=RLED
RCC.PLLQCLKFreq_Value=96000000
RCC.SYSCLKSourceVirtual=RCC_SYSCLKSOURCE_PLLCLK
ProjectManager.functionlistsort=1-MX_GPIO_Init-GPIO-false-HAL-true,2-MX_DMA_Init-DMA-false-HAL-true,3-SystemClock_Config-RCC-false-HAL-false,4-MX_SDMMC1_SD_Init-SDMMC1-false-HAL-true,5-MX_FATFS_Init-FATFS-false-HAL-false,6-MX_UART7_Init-UART7-false-HAL-true,0-MX_CORTEX_M7_Init-CORTEX_M7-false-HAL-true
RCC.RTCFreq_Value=32000
PB0.GPIO_Label=GLED
RCC.PLLI2SRCLKFreq_Value=96000000
RCC.USART2Freq_Value=8000000
PD2.GPIOParameters=GPIO_PuPd,GPIO_Speed_High_Default
Dma.SDMMC1_TX.0.Instance=DMA2_Stream3
Dma.SDMMC1_TX.0.Priority=DMA_PRIORITY_LOW
PG2.GPIOParameters=GPIO_PuPd,GPIO_Label
PinOutPanel.RotationAngle=0
RCC.MCO1PinFreq_Value=16000000
ProjectManager.StackSize=0x400
VP_FREERTOS_VS_CMSIS_V2.Mode=CMSIS_V2
RCC.I2C3Freq_Value=8000000
RCC.LPTIM1Freq_Value=8000000
Mcu.IP4=NVIC
Mcu.IP5=RCC
RCC.FCLKCortexFreq_Value=16000000
Mcu.IP2=FATFS
NVIC.SVCall_IRQn=true\:0\:0\:false\:false\:false\:false\:true\:false
NVIC.SDMMC1_IRQn=true\:5\:0\:false\:false\:true\:true\:true\:true
Mcu.IP3=FREERTOS
PC11.GPIO_PuPd=GPIO_PULLUP
Mcu.IP0=CORTEX_M7
Mcu.IP1=DMA
Dma.SDMMC1_TX.0.FIFOMode=DMA_FIFOMODE_ENABLE
Mcu.UserConstants=
PC10.GPIO_Speed_High_Default=GPIO_SPEED_FREQ_VERY_HIGH
VP_FATFS_VS_SDIO.Signal=FATFS_VS_SDIO
Dma.SDMMC1_RX.1.Mode=DMA_PFCTRL
RCC.LCDTFTFreq_Value=48000000
Dma.UART7_TX.2.Priority=DMA_PRIORITY_LOW
RCC.SDMMCFreq_Value=16000000
Mcu.ThirdPartyNb=0
RCC.HCLKFreq_Value=16000000
RCC.I2C4Freq_Value=8000000
Mcu.IPNb=9
RCC.I2SClocksFreq_Value=48000000
RCC.PLLI2SRoutputFreq_Value=96000000
ProjectManager.PreviousToolchain=
RCC.APB2TimFreq_Value=16000000
RCC.SPDIFRXFreq_Value=96000000
RCC.VcooutputI2S=48000000
Mcu.Pin6=PC9
RCC.SAI2Freq_Value=96000000
Mcu.Pin7=PC10
Mcu.Pin8=PC11
Mcu.Pin9=PC12
RCC.VCOSAIOutputFreq_Value=192000000
FREERTOS.IPParameters=Tasks01,FootprintOK,Mutexes01
PC9.GPIO_Speed_High_Default=GPIO_SPEED_FREQ_VERY_HIGH
RCC.AHBFreq_Value=16000000
FATFS0.BSP.ip=GPIO
RCC.TIM2Freq_Value=72000000
Mcu.Pin0=PB0
Mcu.Pin1=PE7
GPIO.groupedBy=Group By Peripherals
Mcu.Pin2=PE8
Mcu.Pin3=PB14
RCC.USART3Freq_Value=8000000
Mcu.Pin4=PG2
Mcu.Pin5=PC8
RCC.PLLSAIRCLKFreq_Value=96000000
ProjectManager.ProjectBuild=false
RCC.HSE_VALUE=16000000
NVIC.UsageFault_IRQn=true\:0\:0\:false\:false\:true\:false\:true\:false
NVIC.DebugMonitor_IRQn=true\:0\:0\:false\:false\:true\:false\:true\:false
FATFS0.BSP.i2caddr=0
NVIC.SysTick_IRQn=true\:15\:0\:false\:false\:false\:true\:true\:true
RCC.PLLMUL=RCC_PLL_MUL9
ProjectManager.FirmwarePackage=STM32Cube FW_F7 V1.16.2
MxDb.Version=DB.6.0.21
Dma.UART7_TX.2.PeriphInc=DMA_PINC_DISABLE
PB0.GPIOParameters=GPIO_Label
ProjectManager.BackupPrevious=false
RCC.VCOInputFreq_Value=1000000
PE8.Locked=true
File.Version=6
PC9.Mode=SD_4_bits_Wide_bus
Dma.UART7_TX.2.MemDataAlignment=DMA_MDATAALIGN_BYTE
PB7.Signal=GPIO_Output
NVIC.PendSV_IRQn=true\:15\:0\:false\:false\:false\:true\:true\:false
Dma.SDMMC1_TX.0.FIFOThreshold=DMA_FIFO_THRESHOLD_FULL
Dma.RequestsNb=3
ProjectManager.HalAssertFull=false
PB0.Locked=true
ProjectManager.ProjectName=dlm-sim
RCC.TIM1Freq_Value=72000000
RCC.PLLMCOFreq_Value=72000000
PB7.GPIO_Label=BLED
RCC.MCO2PinFreq_Value=16000000
PC8.GPIOParameters=GPIO_PuPd,GPIO_Speed_High_Default
Dma.UART7_TX.2.FIFOMode=DMA_FIFOMODE_DISABLE
Mcu.Package=LQFP144
RCC.TIM15Freq_Value=72000000
NVIC.TimeBase=TIM1_BRK_TIM9_IRQn
RCC.ADC34outputFreq_Value=72000000
FATFS0.BSP.solution=PG2
ProjectManager.ToolChainLocation=
RCC.LSI_VALUE=32000
NVIC.TimeBaseIP=TIM9
FREERTOS.FootprintOK=true
RCC.DFSDMFreq_Value=16000000
PC11.Mode=SD_4_bits_Wide_bus
PB14.GPIOParameters=GPIO_Label
RCC.TIM16Freq_Value=72000000
Dma.UART7_TX.2.Instance=DMA1_Stream1
Dma.Request2=UART7_TX
RCC.CECFreq_Value=32786.88524590164
Dma.Request1=SDMMC1_RX
RCC.APB1TimFreq_Value=16000000
NVIC.BusFault_IRQn=true\:0\:0\:false\:false\:true\:false\:true\:false
PE7.Signal=UART7_RX
Dma.SDMMC1_RX.1.PeriphInc=DMA_PINC_DISABLE
Dma.Request0=SDMMC1_TX
ProjectManager.CustomerFirmwarePackage=
RCC.PLLSAIQCLKFreq_Value=96000000
PG2.GPIO_Label=SDMMC_CD
FATFS0.BSP.STBoard=false
RCC.I2SFreq_Value=96000000
RCC.PLLQoutputFreq_Value=96000000
ProjectManager.ProjectFileName=dlm-sim.ioc
RCC.ADC12outputFreq_Value=72000000
FREERTOS.Tasks01=AcquireData,24,1024,Thread_AcquireData,Default,NULL,Dynamic,NULL,NULL;StoreData,32,1024,Thread_StoreData,Default,NULL,Dynamic,NULL,NULL;BroadcastData,32,1024,Thread_BroadcastData,Default,NULL,Dynamic,NULL,NULL
RCC.UART7Freq_Value=8000000
Dma.SDMMC1_RX.1.MemInc=DMA_MINC_ENABLE
Mcu.PinsNb=15
PD2.GPIO_PuPd=GPIO_PULLUP
ProjectManager.NoMain=false
Dma.SDMMC1_RX.1.Instance=DMA2_Stream6
Dma.SDMMC1_TX.0.Mode=DMA_PFCTRL
NVIC.SavedSvcallIrqHandlerGenerated=true
PC11.Signal=SDMMC1_D3
Dma.SDMMC1_RX.1.RequestParameters=Instance,Direction,PeriphInc,MemInc,PeriphDataAlignment,MemDataAlignment,Mode,Priority,FIFOMode,FIFOThreshold,MemBurst,PeriphBurst
FATFS0.BSP.mode=Input
Dma.SDMMC1_TX.0.MemDataAlignment=DMA_MDATAALIGN_WORD
PC8.Signal=SDMMC1_D0
PC10.Mode=SD_4_bits_Wide_bus
ProjectManager.DefaultFWLocation=true
NVIC.DMA1_Stream1_IRQn=true\:5\:0\:false\:false\:true\:true\:false\:true
ProjectManager.DeletePrevious=true
RCC.UART8Freq_Value=8000000
PB14.Locked=true
RCC.APB1CLKDivider=RCC_HCLK_DIV2
RCC.LCDTFToutputFreq_Value=24000000
PC11.GPIOParameters=GPIO_PuPd,GPIO_Speed_High_Default
boardIOC=true
Dma.SDMMC1_TX.0.RequestParameters=Instance,Direction,PeriphInc,MemInc,PeriphDataAlignment,MemDataAlignment,Mode,Priority,FIFOMode,FIFOThreshold,MemBurst,PeriphBurst
RCC.FamilyName=M
RCC.WatchDogFreq_Value=32000
Dma.UART7_TX.2.PeriphDataAlignment=DMA_PDATAALIGN_BYTE
FATFS0.BSP.instance=PG2
PE8.Mode=Asynchronous
VP_SYS_VS_tim9.Mode=TIM9
PC12.GPIOParameters=GPIO_Speed_High_Default
Dma.SDMMC1_TX.0.PeriphBurst=DMA_PBURST_INC4
Dma.UART7_TX.2.MemInc=DMA_MINC_ENABLE
ProjectManager.TargetToolchain=STM32CubeIDE
RCC.USART6Freq_Value=16000000
FATFS0.BSP.condition=
Dma.SDMMC1_RX.1.MemDataAlignment=DMA_MDATAALIGN_WORD
PB7.GPIOParameters=GPIO_Label
PC11.GPIO_Speed_High_Default=GPIO_SPEED_FREQ_VERY_HIGH
ProjectManager.RegisterCallBack=
RCC.USBFreq_Value=96000000
NVIC.DMA2_Stream3_IRQn=true\:5\:0\:false\:false\:true\:true\:false\:true
NVIC.DMA2_Stream6_IRQn=true\:5\:0\:false\:false\:true\:true\:false\:true
RCC.PLLSAIoutputFreq_Value=96000000
RCC.LSE_VALUE=32768
RCC.VCOI2SOutputFreq_Value=192000000
PB14.Signal=GPIO_Output
PD2.Mode=SD_4_bits_Wide_bus
FATFS.BSP.number=1
PC12.Mode=SD_4_bits_Wide_bus
RCC.PLLSAIPCLKFreq_Value=96000000
board=NUCLEO-F767ZI
VP_SYS_VS_tim9.Signal=SYS_VS_tim9
RCC.VCOOutputFreq_Value=192000000
ProjectManager.LastFirmware=true
RCC.VCOOutput2Freq_Value=8000000
NVIC.SavedSystickIrqHandlerGenerated=true
RCC.APB2Freq_Value=16000000
RCC.TIM8Freq_Value=72000000
RCC.UART4Freq_Value=8000000
MxCube.Version=6.2.1
RCC.PRESCALERUSB=RCC_USBCLKSOURCE_PLL_DIV1_5
RCC.I2C1Freq_Value=8000000
PE8.Signal=UART7_TX
RCC.PLLI2SPCLKFreq_Value=96000000
Dma.SDMMC1_TX.0.PeriphInc=DMA_PINC_DISABLE
Dma.SDMMC1_TX.0.MemBurst=DMA_MBURST_INC4
FATFS0.BSP.i2creg=
RCC.RNGFreq_Value=96000000
RCC.EthernetFreq_Value=16000000
PC9.GPIO_PuPd=GPIO_PULLUP
NVIC.NonMaskableInt_IRQn=true\:0\:0\:false\:false\:true\:false\:true\:false
PC10.GPIOParameters=GPIO_PuPd,GPIO_Speed_High_Default
RCC.UART5Freq_Value=8000000
PE7.Locked=true
Dma.SDMMC1_RX.1.FIFOMode=DMA_FIFOMODE_ENABLE
ProjectManager.FreePins=false
RCC.IPParameters=48MHZClocksFreq_Value,ADC12outputFreq_Value,ADC34outputFreq_Value,AHBFreq_Value,APB1CLKDivider,APB1Freq_Value,APB1TimFreq_Value,APB2Freq_Value,APB2TimFreq_Value,CECFreq_Value,CortexFreq_Value,DFSDMFreq_Value,EthernetFreq_Value,FCLKCortexFreq_Value,FamilyName,HCLKFreq_Value,HSE_VALUE,HSI_VALUE,I2C1Freq_Value,I2C2Freq_Value,I2C3Freq_Value,I2C4Freq_Value,I2SClocksFreq_Value,I2SFreq_Value,LCDTFTFreq_Value,LCDTFToutputFreq_Value,LPTIM1Freq_Value,LSE_VALUE,LSI_VALUE,MCO1PinFreq_Value,MCO2PinFreq_Value,MCOFreq_Value,PLLCLKFreq_Value,PLLI2SPCLKFreq_Value,PLLI2SQCLKFreq_Value,PLLI2SRCLKFreq_Value,PLLI2SRoutputFreq_Value,PLLMCOFreq_Value,PLLMUL,PLLQCLKFreq_Value,PLLQoutputFreq_Value,PLLSAIPCLKFreq_Value,PLLSAIQCLKFreq_Value,PLLSAIRCLKFreq_Value,PLLSAIoutputFreq_Value,PRESCALERUSB,RNGFreq_Value,RTCFreq_Value,RTCHSEDivFreq_Value,SAI1Freq_Value,SAI2Freq_Value,SDMMC2Freq_Value,SDMMCFreq_Value,SPDIFRXFreq_Value,SYSCLKFreq_VALUE,SYSCLKSourceVirtual,TIM15Freq_Value,TIM16Freq_Value,TIM17Freq_Value,TIM1Freq_Value,TIM20Freq_Value,TIM2Freq_Value,TIM3Freq_Value,TIM8Freq_Value,UART4Freq_Value,UART5Freq_Value,UART7Freq_Value,UART8Freq_Value,USART1Freq_Value,USART2Freq_Value,USART3Freq_Value,USART6Freq_Value,USBFreq_Value,VCOI2SOutputFreq_Value,VCOInputFreq_Value,VCOOutput2Freq_Value,VCOOutputFreq_Value,VCOSAIOutputFreq_Value,VcooutputI2S,WatchDogFreq_Value
PC9.GPIOParameters=GPIO_PuPd,GPIO_Speed_High_Default
ProjectManager.AskForMigrate=true
Mcu.Name=STM32F767ZITx
RCC.PLLI2SQCLKFreq_Value=96000000
NVIC.TIM1_BRK_TIM9_IRQn=true\:0\:0\:false\:false\:true\:false\:false\:true
NVIC.SavedPendsvIrqHandlerGenerated=true
RCC.RTCHSEDivFreq_Value=4000000
ProjectManager.UnderRoot=true
Mcu.IP8=UART7
VP_FREERTOS_VS_CMSIS_V2.Signal=FREERTOS_VS_CMSIS_V2
Mcu.IP6=SDMMC1
PC8.Mode=SD_4_bits_Wide_bus
PC12.GPIO_Speed_High_Default=GPIO_SPEED_FREQ_VERY_HIGH
Mcu.IP7=SYS
ProjectManager.CoupleFile=false
RCC.48MHZClocksFreq_Value=24000000
PC8.GPIO_Speed_High_Default=GPIO_SPEED_FREQ_VERY_HIGH
PC8.GPIO_PuPd=GPIO_PULLUP
RCC.SYSCLKFreq_VALUE=16000000
PE7.Mode=Asynchronous
NVIC.ForceEnableDMAVector=true
KeepUserPlacement=false
Dma.SDMMC1_RX.1.MemBurst=DMA_MBURST_INC4
NVIC.MemoryManagement_IRQn=true\:0\:0\:false\:false\:true\:false\:true\:false
ProjectManager.CompilerOptimize=6
Dma.SDMMC1_RX.1.PeriphBurst=DMA_PBURST_INC4
ProjectManager.HeapSize=0x200
NVIC.HardFault_IRQn=true\:0\:0\:false\:false\:true\:false\:true\:false
Mcu.Pin13=VP_FREERTOS_VS_CMSIS_V2
UART7.IPParameters=BaudRate
Mcu.Pin14=VP_SYS_VS_tim9
RCC.TIM20Freq_Value=72000000
UART7.BaudRate=9600
ProjectManager.ComputerToolchain=false
RCC.HSI_VALUE=16000000
RCC.TIM3Freq_Value=72000000
Dma.SDMMC1_TX.0.MemInc=DMA_MINC_ENABLE
FREERTOS.Mutexes01=mutex_broadcast_buffer,Dynamic,NULL;mutex_storage_buffer,Dynamic,NULL
NVIC.PriorityGroup=NVIC_PRIORITYGROUP_4
Dma.UART7_TX.2.RequestParameters=Instance,Direction,PeriphInc,MemInc,PeriphDataAlignment,MemDataAlignment,Mode,Priority,FIFOMode
Mcu.Pin11=PB7
Mcu.Pin12=VP_FATFS_VS_SDIO
FATFS0.BSP.component=
Mcu.Pin10=PD2
PB7.Locked=true
Dma.SDMMC1_RX.1.Priority=DMA_PRIORITY_LOW
Dma.SDMMC1_RX.1.FIFOThreshold=DMA_FIFO_THRESHOLD_FULL
PC9.Signal=SDMMC1_D1
PD2.Signal=SDMMC1_CMD
PD2.GPIO_Speed_High_Default=GPIO_SPEED_FREQ_VERY_HIGH
RCC.I2C2Freq_Value=8000000
Dma.SDMMC1_TX.0.PeriphDataAlignment=DMA_PDATAALIGN_WORD
RCC.APB1Freq_Value=8000000
RCC.SDMMC2Freq_Value=16000000
PB0.Signal=GPIO_Output
Dma.UART7_TX.2.Direction=DMA_MEMORY_TO_PERIPH
ProjectManager.DeviceId=STM32F767ZITx
FATFS0.BSP.name=Detect_SDIO
ProjectManager.LibraryCopy=1
Dma.SDMMC1_RX.1.Direction=DMA_PERIPH_TO_MEMORY
NVIC.UART7_IRQn=true\:5\:0\:false\:false\:true\:true\:true\:true
isbadioc=false
